
Microsoft Visual Studio Solution File, Format Version 12.00
# Visual Studio 15
VisualStudioVersion = 15.0.26730.12
MinimumVisualStudioVersion = 10.0.40219.1
Project("{FAE04EC0-301F-11D3-BF4B-00C04F79EFBC}") = "PetApplication", "PetApplication\PetApplication.csproj", "{3743AAA6-F9C8-4CC1-ABC8-C0E72792E5E7}"
EndProject
Project("{FAE04EC0-301F-11D3-BF4B-00C04F79EFBC}") = "WineApplication", "WineApplication\WineApplication.csproj", "{843D80A9-4E90-4085-9E27-D7F13FF100F3}"
EndProject
Global
	GlobalSection(SolutionConfigurationPlatforms) = preSolution
		Debug|Any CPU = Debug|Any CPU
		Release|Any CPU = Release|Any CPU
	EndGlobalSection
	GlobalSection(ProjectConfigurationPlatforms) = postSolution
		{3743AAA6-F9C8-4CC1-ABC8-C0E72792E5E7}.Debug|Any CPU.ActiveCfg = Debug|Any CPU
		{3743AAA6-F9C8-4CC1-ABC8-C0E72792E5E7}.Debug|Any CPU.Build.0 = Debug|Any CPU
		{3743AAA6-F9C8-4CC1-ABC8-C0E72792E5E7}.Release|Any CPU.ActiveCfg = Release|Any CPU
		{3743AAA6-F9C8-4CC1-ABC8-C0E72792E5E7}.Release|Any CPU.Build.0 = Release|Any CPU
		{843D80A9-4E90-4085-9E27-D7F13FF100F3}.Debug|Any CPU.ActiveCfg = Debug|Any CPU
		{843D80A9-4E90-4085-9E27-D7F13FF100F3}.Debug|Any CPU.Build.0 = Debug|Any CPU
		{843D80A9-4E90-4085-9E27-D7F13FF100F3}.Release|Any CPU.ActiveCfg = Release|Any CPU
		{843D80A9-4E90-4085-9E27-D7F13FF100F3}.Release|Any CPU.Build.0 = Release|Any CPU
	EndGlobalSection
	GlobalSection(SolutionProperties) = preSolution
		HideSolutionNode = FALSE
	EndGlobalSection
	GlobalSection(ExtensibilityGlobals) = postSolution
		SolutionGuid = {C10B9296-4B1C-4D4B-B375-1F29C1B60B88}
	EndGlobalSection
EndGlobal
